
Microsoft Visual Studio Solution File, Format Version 12.00
# Visual Studio Version 17
VisualStudioVersion = 17.9.34622.214
MinimumVisualStudioVersion = 10.0.40219.1
Project("{FAE04EC0-301F-11D3-BF4B-00C04F79EFBC}") = "TravelIsland", "TravelIsland\TravelIsland.csproj", "{E2B7DC0B-D29E-49A2-A91C-852F614891A5}"
EndProject
Global
	GlobalSection(SolutionConfigurationPlatforms) = preSolution
		Debug|Any CPU = Debug|Any CPU
		Release|Any CPU = Release|Any CPU
	EndGlobalSection
	GlobalSection(ProjectConfigurationPlatforms) = postSolution
		{E2B7DC0B-D29E-49A2-A91C-852F614891A5}.Debug|Any CPU.ActiveCfg = Debug|Any CPU
		{E2B7DC0B-D29E-49A2-A91C-852F614891A5}.Debug|Any CPU.Build.0 = Debug|Any CPU
		{E2B7DC0B-D29E-49A2-A91C-852F614891A5}.Release|Any CPU.ActiveCfg = Release|Any CPU
		{E2B7DC0B-D29E-49A2-A91C-852F614891A5}.Release|Any CPU.Build.0 = Release|Any CPU
	EndGlobalSection
	GlobalSection(SolutionProperties) = preSolution
		HideSolutionNode = FALSE
	EndGlobalSection
	GlobalSection(ExtensibilityGlobals) = postSolution
		SolutionGuid = {605498F4-6A1A-45E0-9283-DBD6938FEBE8}
	EndGlobalSection
EndGlobal
